// !$*UTF8*$!
{
	archiveVersion = 1;
	classes = {
	};
	objectVersion = 50;
	objects = {

/* Begin PBXBuildFile section */
		4495C1232444863300F36BFD /* AppDelegate.swift in Sources */ = {isa = PBXBuildFile; fileRef = 4495C1222444863300F36BFD /* AppDelegate.swift */; };
		4495C1252444863300F36BFD /* SceneDelegate.swift in Sources */ = {isa = PBXBuildFile; fileRef = 4495C1242444863300F36BFD /* SceneDelegate.swift */; };
		4495C1272444863300F36BFD /* ContentView.swift in Sources */ = {isa = PBXBuildFile; fileRef = 4495C1262444863300F36BFD /* ContentView.swift */; };
		4495C1292444863700F36BFD /* Assets.xcassets in Resources */ = {isa = PBXBuildFile; fileRef = 4495C1282444863700F36BFD /* Assets.xcassets */; };
		4495C12C2444863700F36BFD /* Preview Assets.xcassets in Resources */ = {isa = PBXBuildFile; fileRef = 4495C12B2444863700F36BFD /* Preview Assets.xcassets */; };
		4495C12F2444863700F36BFD /* LaunchScreen.storyboard in Resources */ = {isa = PBXBuildFile; fileRef = 4495C12D2444863700F36BFD /* LaunchScreen.storyboard */; };
		4495C1392444952C00F36BFD /* TopView.swift in Sources */ = {isa = PBXBuildFile; fileRef = 4495C1382444952C00F36BFD /* TopView.swift */; };
		4495C13B24449BAA00F36BFD /* Cell.swift in Sources */ = {isa = PBXBuildFile; fileRef = 4495C13A24449BAA00F36BFD /* Cell.swift */; };
		4495C1462444A8CA00F36BFD /* Data.swift in Sources */ = {isa = PBXBuildFile; fileRef = 4495C1452444A8CA00F36BFD /* Data.swift */; };
		4495C14A2444A8FF00F36BFD /* UserResponse.swift in Sources */ = {isa = PBXBuildFile; fileRef = 4495C1492444A8FF00F36BFD /* UserResponse.swift */; };
/* End PBXBuildFile section */

/* Begin PBXFileReference section */
		4495C11F2444863300F36BFD /* CourseListApp.app */ = {isa = PBXFileReference; explicitFileType = wrapper.application; includeInIndex = 0; path = CourseListApp.app; sourceTree = BUILT_PRODUCTS_DIR; };
		4495C1222444863300F36BFD /* AppDelegate.swift */ = {isa = PBXFileReference; lastKnownFileType = sourcecode.swift; path = AppDelegate.swift; sourceTree = "<group>"; };
		4495C1242444863300F36BFD /* SceneDelegate.swift */ = {isa = PBXFileReference; lastKnownFileType = sourcecode.swift; path = SceneDelegate.swift; sourceTree = "<group>"; };
		4495C1262444863300F36BFD /* ContentView.swift */ = {isa = PBXFileReference; lastKnownFileType = sourcecode.swift; path = ContentView.swift; sourceTree = "<group>"; };
		4495C1282444863700F36BFD /* Assets.xcassets */ = {isa = PBXFileReference; lastKnownFileType = folder.assetcatalog; path = Assets.xcassets; sourceTree = "<group>"; };
		4495C12B2444863700F36BFD /* Preview Assets.xcassets */ = {isa = PBXFileReference; lastKnownFileType = folder.assetcatalog; path = "Preview Assets.xcassets"; sourceTree = "<group>"; };
		4495C12E2444863700F36BFD /* Base */ = {isa = PBXFileReference; lastKnownFileType = file.storyboard; name = Base; path = Base.lproj/LaunchScreen.storyboard; sourceTree = "<group>"; };
		4495C1302444863700F36BFD /* Info.plist */ = {isa = PBXFileReference; lastKnownFileType = text.plist.xml; path = Info.plist; sourceTree = "<group>"; };
		4495C1382444952C00F36BFD /* TopView.swift */ = {isa = PBXFileReference; lastKnownFileType = sourcecode.swift; path = TopView.swift; sourceTree = "<group>"; };
		4495C13A24449BAA00F36BFD /* Cell.swift */ = {isa = PBXFileReference; lastKnownFileType = sourcecode.swift; path = Cell.swift; sourceTree = "<group>"; };
		4495C1442444A8AD00F36BFD /* userModelData.json */ = {isa = PBXFileReference; lastKnownFileType = text.json; path = userModelData.json; sourceTree = "<group>"; };
		4495C1452444A8CA00F36BFD /* Data.swift */ = {isa = PBXFileReference; lastKnownFileType = sourcecode.swift; path = Data.swift; sourceTree = "<group>"; };
		4495C1492444A8FF00F36BFD /* UserResponse.swift */ = {isa = PBXFileReference; lastKnownFileType = sourcecode.swift; path = UserResponse.swift; sourceTree = "<group>"; };
/* End PBXFileReference section */

/* Begin PBXFrameworksBuildPhase section */
		4495C11C2444863300F36BFD /* Frameworks */ = {
			isa = PBXFrameworksBuildPhase;
			buildActionMask = 2147483647;
			files = (
			);
			runOnlyForDeploymentPostprocessing = 0;
		};
/* End PBXFrameworksBuildPhase section */

/* Begin PBXGroup section */
		4495C1162444863300F36BFD = {
			isa = PBXGroup;
			children = (
				4495C1212444863300F36BFD /* CourseListApp */,
				4495C1202444863300F36BFD /* Products */,
			);
			sourceTree = "<group>";
		};
		4495C1202444863300F36BFD /* Products */ = {
			isa = PBXGroup;
			children = (
				4495C11F2444863300F36BFD /* CourseListApp.app */,
			);
			name = Products;
			sourceTree = "<group>";
		};
		4495C1212444863300F36BFD /* CourseListApp */ = {
			isa = PBXGroup;
			children = (
				4495C1432444A89800F36BFD /* Resources */,
				4495C1422444A88A00F36BFD /* Model */,
				4495C1222444863300F36BFD /* AppDelegate.swift */,
				4495C1242444863300F36BFD /* SceneDelegate.swift */,
				4495C1262444863300F36BFD /* ContentView.swift */,
				4495C1382444952C00F36BFD /* TopView.swift */,
				4495C13A24449BAA00F36BFD /* Cell.swift */,
				4495C1282444863700F36BFD /* Assets.xcassets */,
				4495C12D2444863700F36BFD /* LaunchScreen.storyboard */,
				4495C1302444863700F36BFD /* Info.plist */,
				4495C12A2444863700F36BFD /* Preview Content */,
			);
			path = CourseListApp;
			sourceTree = "<group>";
		};
		4495C12A2444863700F36BFD /* Preview Content */ = {
			isa = PBXGroup;
			children = (
				4495C12B2444863700F36BFD /* Preview Assets.xcassets */,
			);
			path = "Preview Content";
			sourceTree = "<group>";
		};
		4495C1422444A88A00F36BFD /* Model */ = {
			isa = PBXGroup;
			children = (
				4495C1452444A8CA00F36BFD /* Data.swift */,
				4495C1492444A8FF00F36BFD /* UserResponse.swift */,
			);
			path = Model;
			sourceTree = "<group>";
		};
		4495C1432444A89800F36BFD /* Resources */ = {
			isa = PBXGroup;
			children = (
				4495C1442444A8AD00F36BFD /* userModelData.json */,
			);
			path = Resources;
			sourceTree = "<group>";
		};
/* End PBXGroup section */

/* Begin PBXNativeTarget section */
		4495C11E2444863300F36BFD /* CourseListApp */ = {
			isa = PBXNativeTarget;
			buildConfigurationList = 4495C1332444863700F36BFD /* Build configuration list for PBXNativeTarget "CourseListApp" */;
			buildPhases = (
				4495C11B2444863300F36BFD /* Sources */,
				4495C11C2444863300F36BFD /* Frameworks */,
				4495C11D2444863300F36BFD /* Resources */,
			);
			buildRules = (
			);
			dependencies = (
			);
			name = CourseListApp;
			productName = CourseListApp;
			productReference = 4495C11F2444863300F36BFD /* CourseListApp.app */;
			productType = "com.apple.product-type.application";
		};
/* End PBXNativeTarget section */

/* Begin PBXProject section */
		4495C1172444863300F36BFD /* Project object */ = {
			isa = PBXProject;
			attributes = {
				LastSwiftUpdateCheck = 1100;
				LastUpgradeCheck = 1100;
				ORGANIZATIONNAME = "Ruslan Filistovich";
				TargetAttributes = {
					4495C11E2444863300F36BFD = {
						CreatedOnToolsVersion = 11.0;
					};
				};
			};
			buildConfigurationList = 4495C11A2444863300F36BFD /* Build configuration list for PBXProject "CourseListApp" */;
			compatibilityVersion = "Xcode 9.3";
			developmentRegion = en;
			hasScannedForEncodings = 0;
			knownRegions = (
				en,
				Base,
			);
			mainGroup = 4495C1162444863300F36BFD;
			productRefGroup = 4495C1202444863300F36BFD /* Products */;
			projectDirPath = "";
			projectRoot = "";
			targets = (
				4495C11E2444863300F36BFD /* CourseListApp */,
			);
		};
/* End PBXProject section */

/* Begin PBXResourcesBuildPhase section */
		4495C11D2444863300F36BFD /* Resources */ = {
			isa = PBXResourcesBuildPhase;
			buildActionMask = 2147483647;
			files = (
				4495C12F2444863700F36BFD /* LaunchScreen.storyboard in Resources */,
				4495C12C2444863700F36BFD /* Preview Assets.xcassets in Resources */,
				4495C1292444863700F36BFD /* Assets.xcassets in Resources */,
			);
			runOnlyForDeploymentPostprocessing = 0;
		};
/* End PBXResourcesBuildPhase section */

/* Begin PBXSourcesBuildPhase section */
		4495C11B2444863300F36BFD /* Sources */ = {
			isa = PBXSourcesBuildPhase;
			buildActionMask = 2147483647;
			files = (
				4495C1232444863300F36BFD /* AppDelegate.swift in Sources */,
				4495C1252444863300F36BFD /* SceneDelegate.swift in Sources */,
				4495C13B24449BAA00F36BFD /* Cell.swift in Sources */,
				4495C14A2444A8FF00F36BFD /* UserResponse.swift in Sources */,
				4495C1392444952C00F36BFD /* TopView.swift in Sources */,
				4495C1272444863300F36BFD /* ContentView.swift in Sources */,
				4495C1462444A8CA00F36BFD /* Data.swift in Sources */,
			);
			runOnlyForDeploymentPostprocessing = 0;
		};
/* End PBXSourcesBuildPhase section */

/* Begin PBXVariantGroup section */
		4495C12D2444863700F36BFD /* LaunchScreen.storyboard */ = {
			isa = PBXVariantGroup;
			children = (
				4495C12E2444863700F36BFD /* Base */,
			);
			name = LaunchScreen.storyboard;
			sourceTree = "<group>";
		};
/* End PBXVariantGroup section */

/* Begin XCBuildConfiguration section */
		4495C1312444863700F36BFD /* Debug */ = {
			isa = XCBuildConfiguration;
			buildSettings = {
				ALWAYS_SEARCH_USER_PATHS = NO;
				CLANG_ANALYZER_NONNULL = YES;
				CLANG_ANALYZER_NUMBER_OBJECT_CONVERSION = YES_AGGRESSIVE;
				CLANG_CXX_LANGUAGE_STANDARD = "gnu++14";
				CLANG_CXX_LIBRARY = "libc++";
				CLANG_ENABLE_MODULES = YES;
				CLANG_ENABLE_OBJC_ARC = YES;
				CLANG_ENABLE_OBJC_WEAK = YES;
				CLANG_WARN_BLOCK_CAPTURE_AUTORELEASING = YES;
				CLANG_WARN_BOOL_CONVERSION = YES;
				CLANG_WARN_COMMA = YES;
				CLANG_WARN_CONSTANT_CONVERSION = YES;
				CLANG_WARN_DEPRECATED_OBJC_IMPLEMENTATIONS = YES;
				CLANG_WARN_DIRECT_OBJC_ISA_USAGE = YES_ERROR;
				CLANG_WARN_DOCUMENTATION_COMMENTS = YES;
				CLANG_WARN_EMPTY_BODY = YES;
				CLANG_WARN_ENUM_CONVERSION = YES;
				CLANG_WARN_INFINITE_RECURSION = YES;
				CLANG_WARN_INT_CONVERSION = YES;
				CLANG_WARN_NON_LITERAL_NULL_CONVERSION = YES;
				CLANG_WARN_OBJC_IMPLICIT_RETAIN_SELF = YES;
				CLANG_WARN_OBJC_LITERAL_CONVERSION = YES;
				CLANG_WARN_OBJC_ROOT_CLASS = YES_ERROR;
				CLANG_WARN_RANGE_LOOP_ANALYSIS = YES;
				CLANG_WARN_STRICT_PROTOTYPES = YES;
				CLANG_WARN_SUSPICIOUS_MOVE = YES;
				CLANG_WARN_UNGUARDED_AVAILABILITY = YES_AGGRESSIVE;
				CLANG_WARN_UNREACHABLE_CODE = YES;
				CLANG_WARN__DUPLICATE_METHOD_MATCH = YES;
				COPY_PHASE_STRIP = NO;
				DEBUG_INFORMATION_FORMAT = dwarf;
				ENABLE_STRICT_OBJC_MSGSEND = YES;
				ENABLE_TESTABILITY = YES;
				GCC_C_LANGUAGE_STANDARD = gnu11;
				GCC_DYNAMIC_NO_PIC = NO;
				GCC_NO_COMMON_BLOCKS = YES;
				GCC_OPTIMIZATION_LEVEL = 0;
				GCC_PREPROCESSOR_DEFINITIONS = (
					"DEBUG=1",
					"$(inherited)",
				);
				GCC_WARN_64_TO_32_BIT_CONVERSION = YES;
				GCC_WARN_ABOUT_RETURN_TYPE = YES_ERROR;
				GCC_WARN_UNDECLARED_SELECTOR = YES;
				GCC_WARN_UNINITIALIZED_AUTOS = YES_AGGRESSIVE;
				GCC_WARN_UNUSED_FUNCTION = YES;
				GCC_WARN_UNUSED_VARIABLE = YES;
				IPHONEOS_DEPLOYMENT_TARGET = 13.0;
				MTL_ENABLE_DEBUG_INFO = INCLUDE_SOURCE;
				MTL_FAST_MATH = YES;
				ONLY_ACTIVE_ARCH = YES;
				SDKROOT = iphoneos;
				SWIFT_ACTIVE_COMPILATION_CONDITIONS = DEBUG;
				SWIFT_OPTIMIZATION_LEVEL = "-Onone";
			};
			name = Debug;
		};
		4495C1322444863700F36BFD /* Release */ = {
			isa = XCBuildConfiguration;
			buildSettings = {
				ALWAYS_SEARCH_USER_PATHS = NO;
				CLANG_ANALYZER_NONNULL = YES;
				CLANG_ANALYZER_NUMBER_OBJECT_CONVERSION = YES_AGGRESSIVE;
				CLANG_CXX_LANGUAGE_STANDARD = "gnu++14";
				CLANG_CXX_LIBRARY = "libc++";
				CLANG_ENABLE_MODULES = YES;
				CLANG_ENABLE_OBJC_ARC = YES;
				CLANG_ENABLE_OBJC_WEAK = YES;
				CLANG_WARN_BLOCK_CAPTURE_AUTORELEASING = YES;
				CLANG_WARN_BOOL_CONVERSION = YES;
				CLANG_WARN_COMMA = YES;
				CLANG_WARN_CONSTANT_CONVERSION = YES;
				CLANG_WARN_DEPRECATED_OBJC_IMPLEMENTATIONS = YES;
				CLANG_WARN_DIRECT_OBJC_ISA_USAGE = YES_ERROR;
				CLANG_WARN_DOCUMENTATION_COMMENTS = YES;
				CLANG_WARN_EMPTY_BODY = YES;
				CLANG_WARN_ENUM_CONVERSION = YES;
				CLANG_WARN_INFINITE_RECURSION = YES;
				CLANG_WARN_INT_CONVERSION = YES;
				CLANG_WARN_NON_LITERAL_NULL_CONVERSION = YES;
				CLANG_WARN_OBJC_IMPLICIT_RETAIN_SELF = YES;
				CLANG_WARN_OBJC_LITERAL_CONVERSION = YES;
				CLANG_WARN_OBJC_ROOT_CLASS = YES_ERROR;
				CLANG_WARN_RANGE_LOOP_ANALYSIS = YES;
				CLANG_WARN_STRICT_PROTOTYPES = YES;
				CLANG_WARN_SUSPICIOUS_MOVE = YES;
				CLANG_WARN_UNGUARDED_AVAILABILITY = YES_AGGRESSIVE;
				CLANG_WARN_UNREACHABLE_CODE = YES;
				CLANG_WARN__DUPLICATE_METHOD_MATCH = YES;
				COPY_PHASE_STRIP = NO;
				DEBUG_INFORMATION_FORMAT = "dwarf-with-dsym";
				ENABLE_NS_ASSERTIONS = NO;
				ENABLE_STRICT_OBJC_MSGSEND = YES;
				GCC_C_LANGUAGE_STANDARD = gnu11;
				GCC_NO_COMMON_BLOCKS = YES;
				GCC_WARN_64_TO_32_BIT_CONVERSION = YES;
				GCC_WARN_ABOUT_RETURN_TYPE = YES_ERROR;
				GCC_WARN_UNDECLARED_SELECTOR = YES;
				GCC_WARN_UNINITIALIZED_AUTOS = YES_AGGRESSIVE;
				GCC_WARN_UNUSED_FUNCTION = YES;
				GCC_WARN_UNUSED_VARIABLE = YES;
				IPHONEOS_DEPLOYMENT_TARGET = 13.0;
				MTL_ENABLE_DEBUG_INFO = NO;
				MTL_FAST_MATH = YES;
				SDKROOT = iphoneos;
				SWIFT_COMPILATION_MODE = wholemodule;
				SWIFT_OPTIMIZATION_LEVEL = "-O";
				VALIDATE_PRODUCT = YES;
			};
			name = Release;
		};
		4495C1342444863700F36BFD /* Debug */ = {
			isa = XCBuildConfiguration;
			buildSettings = {
				ASSETCATALOG_COMPILER_APPICON_NAME = AppIcon;
				CODE_SIGN_STYLE = Automatic;
				DEVELOPMENT_ASSET_PATHS = "\"CourseListApp/Preview Content\"";
				ENABLE_PREVIEWS = YES;
				INFOPLIST_FILE = CourseListApp/Info.plist;
				LD_RUNPATH_SEARCH_PATHS = (
					"$(inherited)",
					"@executable_path/Frameworks",
				);
				PRODUCT_BUNDLE_IDENTIFIER = com.ruslan.CourseListApp;
				PRODUCT_NAME = "$(TARGET_NAME)";
				SWIFT_VERSION = 5.0;
				TARGETED_DEVICE_FAMILY = "1,2";
			};
			name = Debug;
		};
		4495C1352444863700F36BFD /* Release */ = {
			isa = XCBuildConfiguration;
			buildSettings = {
				ASSETCATALOG_COMPILER_APPICON_NAME = AppIcon;
				CODE_SIGN_STYLE = Automatic;
				DEVELOPMENT_ASSET_PATHS = "\"CourseListApp/Preview Content\"";
				ENABLE_PREVIEWS = YES;
				INFOPLIST_FILE = CourseListApp/Info.plist;
				LD_RUNPATH_SEARCH_PATHS = (
					"$(inherited)",
					"@executable_path/Frameworks",
				);
				PRODUCT_BUNDLE_IDENTIFIER = com.ruslan.CourseListApp;
				PRODUCT_NAME = "$(TARGET_NAME)";
				SWIFT_VERSION = 5.0;
				TARGETED_DEVICE_FAMILY = "1,2";
			};
			name = Release;
		};
/* End XCBuildConfiguration section */

/* Begin XCConfigurationList section */
		4495C11A2444863300F36BFD /* Build configuration list for PBXProject "CourseListApp" */ = {
			isa = XCConfigurationList;
			buildConfigurations = (
				4495C1312444863700F36BFD /* Debug */,
				4495C1322444863700F36BFD /* Release */,
			);
			defaultConfigurationIsVisible = 0;
			defaultConfigurationName = Release;
		};
		4495C1332444863700F36BFD /* Build configuration list for PBXNativeTarget "CourseListApp" */ = {
			isa = XCConfigurationList;
			buildConfigurations = (
				4495C1342444863700F36BFD /* Debug */,
				4495C1352444863700F36BFD /* Release */,
			);
			defaultConfigurationIsVisible = 0;
			defaultConfigurationName = Release;
		};
/* End XCConfigurationList section */
	};
	rootObject = 4495C1172444863300F36BFD /* Project object */;
}
